// !$*UTF8*$!
{
	archiveVersion = 1;
	classes = {
	};
	objectVersion = 50;
	objects = {

/* Begin PBXBuildFile section */
		041EB57620D10D090027E8F7 /* AppDelegate.m in Sources */ = {isa = PBXBuildFile; fileRef = 041EB57520D10D090027E8F7 /* AppDelegate.m */; };
		041EB57920D10D0A0027E8F7 /* ViewController.m in Sources */ = {isa = PBXBuildFile; fileRef = 041EB57820D10D0A0027E8F7 /* ViewController.m */; };
		041EB57E20D10D0B0027E8F7 /* Assets.xcassets in Resources */ = {isa = PBXBuildFile; fileRef = 041EB57D20D10D0B0027E8F7 /* Assets.xcassets */; };
		041EB58120D10D0B0027E8F7 /* LaunchScreen.storyboard in Resources */ = {isa = PBXBuildFile; fileRef = 041EB57F20D10D0B0027E8F7 /* LaunchScreen.storyboard */; };
		041EB58420D10D0B0027E8F7 /* main.m in Sources */ = {isa = PBXBuildFile; fileRef = 041EB58320D10D0B0027E8F7 /* main.m */; };
		041EB59920D10F8C0027E8F7 /* RealSimulator.framework in Frameworks */ = {isa = PBXBuildFile; fileRef = 041EB59520D10F650027E8F7 /* RealSimulator.framework */; };
		041EB59A20D10F8C0027E8F7 /* RealSimulator.framework in Embed Frameworks */ = {isa = PBXBuildFile; fileRef = 041EB59520D10F650027E8F7 /* RealSimulator.framework */; settings = {ATTRIBUTES = (CodeSignOnCopy, RemoveHeadersOnCopy, ); }; };
/* End PBXBuildFile section */

/* Begin PBXContainerItemProxy section */
		041EB59420D10F650027E8F7 /* PBXContainerItemProxy */ = {
			isa = PBXContainerItemProxy;
			containerPortal = 041EB58F20D10F650027E8F7 /* RealSimulator.xcodeproj */;
			proxyType = 2;
			remoteGlobalIDString = 041EB53D20D10B130027E8F7;
			remoteInfo = RealSimulator;
		};
		041EB59620D10F650027E8F7 /* PBXContainerItemProxy */ = {
			isa = PBXContainerItemProxy;
			containerPortal = 041EB58F20D10F650027E8F7 /* RealSimulator.xcodeproj */;
			proxyType = 2;
			remoteGlobalIDString = 041EB54620D10B130027E8F7;
			remoteInfo = RealSimulatorTests;
		};
		041EB59B20D10F8C0027E8F7 /* PBXContainerItemProxy */ = {
			isa = PBXContainerItemProxy;
			containerPortal = 041EB58F20D10F650027E8F7 /* RealSimulator.xcodeproj */;
			proxyType = 1;
			remoteGlobalIDString = 041EB53C20D10B130027E8F7;
			remoteInfo = RealSimulator;
		};
/* End PBXContainerItemProxy section */

/* Begin PBXCopyFilesBuildPhase section */
		041EB59D20D10F8C0027E8F7 /* Embed Frameworks */ = {
			isa = PBXCopyFilesBuildPhase;
			buildActionMask = 2147483647;
			dstPath = "";
			dstSubfolderSpec = 10;
			files = (
				041EB59A20D10F8C0027E8F7 /* RealSimulator.framework in Embed Frameworks */,
			);
			name = "Embed Frameworks";
			runOnlyForDeploymentPostprocessing = 0;
		};
/* End PBXCopyFilesBuildPhase section */

/* Begin PBXFileReference section */
		041EB57120D10D090027E8F7 /* Sample.app */ = {isa = PBXFileReference; explicitFileType = wrapper.application; includeInIndex = 0; path = Sample.app; sourceTree = BUILT_PRODUCTS_DIR; };
		041EB57420D10D090027E8F7 /* AppDelegate.h */ = {isa = PBXFileReference; lastKnownFileType = sourcecode.c.h; path = AppDelegate.h; sourceTree = "<group>"; };
		041EB57520D10D090027E8F7 /* AppDelegate.m */ = {isa = PBXFileReference; lastKnownFileType = sourcecode.c.objc; path = AppDelegate.m; sourceTree = "<group>"; };
		041EB57720D10D0A0027E8F7 /* ViewController.h */ = {isa = PBXFileReference; lastKnownFileType = sourcecode.c.h; path = ViewController.h; sourceTree = "<group>"; };
		041EB57820D10D0A0027E8F7 /* ViewController.m */ = {isa = PBXFileReference; lastKnownFileType = sourcecode.c.objc; path = ViewController.m; sourceTree = "<group>"; };
		041EB57D20D10D0B0027E8F7 /* Assets.xcassets */ = {isa = PBXFileReference; lastKnownFileType = folder.assetcatalog; path = Assets.xcassets; sourceTree = "<group>"; };
		041EB58020D10D0B0027E8F7 /* Base */ = {isa = PBXFileReference; lastKnownFileType = file.storyboard; name = Base; path = Base.lproj/LaunchScreen.storyboard; sourceTree = "<group>"; };
		041EB58220D10D0B0027E8F7 /* Info.plist */ = {isa = PBXFileReference; lastKnownFileType = text.plist.xml; path = Info.plist; sourceTree = "<group>"; };
		041EB58320D10D0B0027E8F7 /* main.m */ = {isa = PBXFileReference; lastKnownFileType = sourcecode.c.objc; path = main.m; sourceTree = "<group>"; };
		041EB58F20D10F650027E8F7 /* RealSimulator.xcodeproj */ = {isa = PBXFileReference; lastKnownFileType = "wrapper.pb-project"; name = RealSimulator.xcodeproj; path = ../RealSimulator.xcodeproj; sourceTree = "<group>"; };
/* End PBXFileReference section */

/* Begin PBXFrameworksBuildPhase section */
		041EB56E20D10D090027E8F7 /* Frameworks */ = {
			isa = PBXFrameworksBuildPhase;
			buildActionMask = 2147483647;
			files = (
				041EB59920D10F8C0027E8F7 /* RealSimulator.framework in Frameworks */,
			);
			runOnlyForDeploymentPostprocessing = 0;
		};
/* End PBXFrameworksBuildPhase section */

/* Begin PBXGroup section */
		041EB56820D10D090027E8F7 = {
			isa = PBXGroup;
			children = (
				041EB57320D10D090027E8F7 /* Sample */,
				041EB57220D10D090027E8F7 /* Products */,
				041EB58F20D10F650027E8F7 /* RealSimulator.xcodeproj */,
			);
			sourceTree = "<group>";
		};
		041EB57220D10D090027E8F7 /* Products */ = {
			isa = PBXGroup;
			children = (
				041EB57120D10D090027E8F7 /* Sample.app */,
			);
			name = Products;
			sourceTree = "<group>";
		};
		041EB57320D10D090027E8F7 /* Sample */ = {
			isa = PBXGroup;
			children = (
				041EB57420D10D090027E8F7 /* AppDelegate.h */,
				041EB57520D10D090027E8F7 /* AppDelegate.m */,
				041EB57720D10D0A0027E8F7 /* ViewController.h */,
				041EB57820D10D0A0027E8F7 /* ViewController.m */,
				041EB57D20D10D0B0027E8F7 /* Assets.xcassets */,
				041EB57F20D10D0B0027E8F7 /* LaunchScreen.storyboard */,
				041EB58220D10D0B0027E8F7 /* Info.plist */,
				041EB58320D10D0B0027E8F7 /* main.m */,
			);
			path = Sample;
			sourceTree = "<group>";
		};
		041EB59020D10F650027E8F7 /* Products */ = {
			isa = PBXGroup;
			children = (
				041EB59520D10F650027E8F7 /* RealSimulator.framework */,
				041EB59720D10F650027E8F7 /* RealSimulatorTests.xctest */,
			);
			name = Products;
			sourceTree = "<group>";
		};
/* End PBXGroup section */

/* Begin PBXNativeTarget section */
		041EB57020D10D090027E8F7 /* Sample */ = {
			isa = PBXNativeTarget;
			buildConfigurationList = 041EB58720D10D0B0027E8F7 /* Build configuration list for PBXNativeTarget "Sample" */;
			buildPhases = (
				041EB56D20D10D090027E8F7 /* Sources */,
				041EB56E20D10D090027E8F7 /* Frameworks */,
				041EB56F20D10D090027E8F7 /* Resources */,
				041EB59D20D10F8C0027E8F7 /* Embed Frameworks */,
			);
			buildRules = (
			);
			dependencies = (
				041EB59C20D10F8C0027E8F7 /* PBXTargetDependency */,
			);
			name = Sample;
			productName = Sample;
			productReference = 041EB57120D10D090027E8F7 /* Sample.app */;
			productType = "com.apple.product-type.application";
		};
/* End PBXNativeTarget section */

/* Begin PBXProject section */
		041EB56920D10D090027E8F7 /* Project object */ = {
			isa = PBXProject;
			attributes = {
				LastUpgradeCheck = 0940;
				ORGANIZATIONNAME = XWJACK;
				TargetAttributes = {
					041EB57020D10D090027E8F7 = {
						CreatedOnToolsVersion = 9.4;
					};
				};
			};
			buildConfigurationList = 041EB56C20D10D090027E8F7 /* Build configuration list for PBXProject "Sample" */;
			compatibilityVersion = "Xcode 9.3";
			developmentRegion = en;
			hasScannedForEncodings = 0;
			knownRegions = (
				en,
				Base,
			);
			mainGroup = 041EB56820D10D090027E8F7;
			productRefGroup = 041EB57220D10D090027E8F7 /* Products */;
			projectDirPath = "";
			projectReferences = (
				{
					ProductGroup = 041EB59020D10F650027E8F7 /* Products */;
					ProjectRef = 041EB58F20D10F650027E8F7 /* RealSimulator.xcodeproj */;
				},
			);
			projectRoot = "";
			targets = (
				041EB57020D10D090027E8F7 /* Sample */,
			);
		};
/* End PBXProject section */

/* Begin PBXReferenceProxy section */
		041EB59520D10F650027E8F7 /* RealSimulator.framework */ = {
			isa = PBXReferenceProxy;
			fileType = wrapper.framework;
			path = RealSimulator.framework;
			remoteRef = 041EB59420D10F650027E8F7 /* PBXContainerItemProxy */;
			sourceTree = BUILT_PRODUCTS_DIR;
		};
		041EB59720D10F650027E8F7 /* RealSimulatorTests.xctest */ = {
			isa = PBXReferenceProxy;
			fileType = wrapper.cfbundle;
			path = RealSimulatorTests.xctest;
			remoteRef = 041EB59620D10F650027E8F7 /* PBXContainerItemProxy */;
			sourceTree = BUILT_PRODUCTS_DIR;
		};
/* End PBXReferenceProxy section */

/* Begin PBXResourcesBuildPhase section */
		041EB56F20D10D090027E8F7 /* Resources */ = {
			isa = PBXResourcesBuildPhase;
			buildActionMask = 2147483647;
			files = (
				041EB58120D10D0B0027E8F7 /* LaunchScreen.storyboard in Resources */,
				041EB57E20D10D0B0027E8F7 /* Assets.xcassets in Resources */,
			);
			runOnlyForDeploymentPostprocessing = 0;
		};
/* End PBXResourcesBuildPhase section */

/* Begin PBXSourcesBuildPhase section */
		041EB56D20D10D090027E8F7 /* Sources */ = {
			isa = PBXSourcesBuildPhase;
			buildActionMask = 2147483647;
			files = (
				041EB57920D10D0A0027E8F7 /* ViewController.m in Sources */,
				041EB58420D10D0B0027E8F7 /* main.m in Sources */,
				041EB57620D10D090027E8F7 /* AppDelegate.m in Sources */,
			);
			runOnlyForDeploymentPostprocessing = 0;
		};
/* End PBXSourcesBuildPhase section */

/* Begin PBXTargetDependency section */
		041EB59C20D10F8C0027E8F7 /* PBXTargetDependency */ = {
			isa = PBXTargetDependency;
			name = RealSimulator;
			targetProxy = 041EB59B20D10F8C0027E8F7 /* PBXContainerItemProxy */;
		};
/* End PBXTargetDependency section */

/* Begin PBXVariantGroup section */
		041EB57F20D10D0B0027E8F7 /* LaunchScreen.storyboard */ = {
			isa = PBXVariantGroup;
			children = (
				041EB58020D10D0B0027E8F7 /* Base */,
			);
			name = LaunchScreen.storyboard;
			sourceTree = "<group>";
		};
/* End PBXVariantGroup section */

/* Begin XCBuildConfiguration section */
		041EB58520D10D0B0027E8F7 /* Debug */ = {
			isa = XCBuildConfiguration;
			buildSettings = {
				ALWAYS_SEARCH_USER_PATHS = NO;
				CLANG_ANALYZER_NONNULL = YES;
				CLANG_ANALYZER_NUMBER_OBJECT_CONVERSION = YES_AGGRESSIVE;
				CLANG_CXX_LANGUAGE_STANDARD = "gnu++14";
				CLANG_CXX_LIBRARY = "libc++";
				CLANG_ENABLE_MODULES = YES;
				CLANG_ENABLE_OBJC_ARC = YES;
				CLANG_ENABLE_OBJC_WEAK = YES;
				CLANG_WARN_BLOCK_CAPTURE_AUTORELEASING = YES;
				CLANG_WARN_BOOL_CONVERSION = YES;
				CLANG_WARN_COMMA = YES;
				CLANG_WARN_CONSTANT_CONVERSION = YES;
				CLANG_WARN_DEPRECATED_OBJC_IMPLEMENTATIONS = YES;
				CLANG_WARN_DIRECT_OBJC_ISA_USAGE = YES_ERROR;
				CLANG_WARN_DOCUMENTATION_COMMENTS = YES;
				CLANG_WARN_EMPTY_BODY = YES;
				CLANG_WARN_ENUM_CONVERSION = YES;
				CLANG_WARN_INFINITE_RECURSION = YES;
				CLANG_WARN_INT_CONVERSION = YES;
				CLANG_WARN_NON_LITERAL_NULL_CONVERSION = YES;
				CLANG_WARN_OBJC_IMPLICIT_RETAIN_SELF = YES;
				CLANG_WARN_OBJC_LITERAL_CONVERSION = YES;
				CLANG_WARN_OBJC_ROOT_CLASS = YES_ERROR;
				CLANG_WARN_RANGE_LOOP_ANALYSIS = YES;
				CLANG_WARN_STRICT_PROTOTYPES = YES;
				CLANG_WARN_SUSPICIOUS_MOVE = YES;
				CLANG_WARN_UNGUARDED_AVAILABILITY = YES_AGGRESSIVE;
				CLANG_WARN_UNREACHABLE_CODE = YES;
				CLANG_WARN__DUPLICATE_METHOD_MATCH = YES;
				CODE_SIGN_IDENTITY = "iPhone Developer";
				COPY_PHASE_STRIP = NO;
				DEBUG_INFORMATION_FORMAT = dwarf;
				ENABLE_STRICT_OBJC_MSGSEND = YES;
				ENABLE_TESTABILITY = YES;
				GCC_C_LANGUAGE_STANDARD = gnu11;
				GCC_DYNAMIC_NO_PIC = NO;
				GCC_NO_COMMON_BLOCKS = YES;
				GCC_OPTIMIZATION_LEVEL = 0;
				GCC_PREPROCESSOR_DEFINITIONS = (
					"DEBUG=1",
					"$(inherited)",
				);
				GCC_WARN_64_TO_32_BIT_CONVERSION = YES;
				GCC_WARN_ABOUT_RETURN_TYPE = YES_ERROR;
				GCC_WARN_UNDECLARED_SELECTOR = YES;
				GCC_WARN_UNINITIALIZED_AUTOS = YES_AGGRESSIVE;
				GCC_WARN_UNUSED_FUNCTION = YES;
				GCC_WARN_UNUSED_VARIABLE = YES;
				IPHONEOS_DEPLOYMENT_TARGET = 11.4;
				MTL_ENABLE_DEBUG_INFO = YES;
				ONLY_ACTIVE_ARCH = YES;
				SDKROOT = iphoneos;
			};
			name = Debug;
		};
		041EB58620D10D0B0027E8F7 /* Release */ = {
			isa = XCBuildConfiguration;
			buildSettings = {
				ALWAYS_SEARCH_USER_PATHS = NO;
				CLANG_ANALYZER_NONNULL = YES;
				CLANG_ANALYZER_NUMBER_OBJECT_CONVERSION = YES_AGGRESSIVE;
				CLANG_CXX_LANGUAGE_STANDARD = "gnu++14";
				CLANG_CXX_LIBRARY = "libc++";
				CLANG_ENABLE_MODULES = YES;
				CLANG_ENABLE_OBJC_ARC = YES;
				CLANG_ENABLE_OBJC_WEAK = YES;
				CLANG_WARN_BLOCK_CAPTURE_AUTORELEASING = YES;
				CLANG_WARN_BOOL_CONVERSION = YES;
				CLANG_WARN_COMMA = YES;
				CLANG_WARN_CONSTANT_CONVERSION = YES;
				CLANG_WARN_DEPRECATED_OBJC_IMPLEMENTATIONS = YES;
				CLANG_WARN_DIRECT_OBJC_ISA_USAGE = YES_ERROR;
				CLANG_WARN_DOCUMENTATION_COMMENTS = YES;
				CLANG_WARN_EMPTY_BODY = YES;
				CLANG_WARN_ENUM_CONVERSION = YES;
				CLANG_WARN_INFINITE_RECURSION = YES;
				CLANG_WARN_INT_CONVERSION = YES;
				CLANG_WARN_NON_LITERAL_NULL_CONVERSION = YES;
				CLANG_WARN_OBJC_IMPLICIT_RETAIN_SELF = YES;
				CLANG_WARN_OBJC_LITERAL_CONVERSION = YES;
				CLANG_WARN_OBJC_ROOT_CLASS = YES_ERROR;
				CLANG_WARN_RANGE_LOOP_ANALYSIS = YES;
				CLANG_WARN_STRICT_PROTOTYPES = YES;
				CLANG_WARN_SUSPICIOUS_MOVE = YES;
				CLANG_WARN_UNGUARDED_AVAILABILITY = YES_AGGRESSIVE;
				CLANG_WARN_UNREACHABLE_CODE = YES;
				CLANG_WARN__DUPLICATE_METHOD_MATCH = YES;
				CODE_SIGN_IDENTITY = "iPhone Developer";
				COPY_PHASE_STRIP = NO;
				DEBUG_INFORMATION_FORMAT = "dwarf-with-dsym";
				ENABLE_NS_ASSERTIONS = NO;
				ENABLE_STRICT_OBJC_MSGSEND = YES;
				GCC_C_LANGUAGE_STANDARD = gnu11;
				GCC_NO_COMMON_BLOCKS = YES;
				GCC_WARN_64_TO_32_BIT_CONVERSION = YES;
				GCC_WARN_ABOUT_RETURN_TYPE = YES_ERROR;
				GCC_WARN_UNDECLARED_SELECTOR = YES;
				GCC_WARN_UNINITIALIZED_AUTOS = YES_AGGRESSIVE;
				GCC_WARN_UNUSED_FUNCTION = YES;
				GCC_WARN_UNUSED_VARIABLE = YES;
				IPHONEOS_DEPLOYMENT_TARGET = 11.4;
				MTL_ENABLE_DEBUG_INFO = NO;
				SDKROOT = iphoneos;
				VALIDATE_PRODUCT = YES;
			};
			name = Release;
		};
		041EB58820D10D0B0027E8F7 /* Debug */ = {
			isa = XCBuildConfiguration;
			buildSettings = {
				ASSETCATALOG_COMPILER_APPICON_NAME = AppIcon;
				CODE_SIGN_STYLE = Automatic;
				DEVELOPMENT_TEAM = AWFM3K5AG4;
				INFOPLIST_FILE = Sample/Info.plist;
				IPHONEOS_DEPLOYMENT_TARGET = 9.0;
				LD_RUNPATH_SEARCH_PATHS = (
					"$(inherited)",
					"@executable_path/Frameworks",
				);
				PRODUCT_BUNDLE_IDENTIFIER = com.xwjack.test;
				PRODUCT_NAME = "$(TARGET_NAME)";
				TARGETED_DEVICE_FAMILY = "1,2";
			};
			name = Debug;
		};
		041EB58920D10D0B0027E8F7 /* Release */ = {
			isa = XCBuildConfiguration;
			buildSettings = {
				ASSETCATALOG_COMPILER_APPICON_NAME = AppIcon;
				CODE_SIGN_STYLE = Automatic;
				DEVELOPMENT_TEAM = AWFM3K5AG4;
				INFOPLIST_FILE = Sample/Info.plist;
				IPHONEOS_DEPLOYMENT_TARGET = 9.0;
				LD_RUNPATH_SEARCH_PATHS = (
					"$(inherited)",
					"@executable_path/Frameworks",
				);
				PRODUCT_BUNDLE_IDENTIFIER = com.xwjack.test;
				PRODUCT_NAME = "$(TARGET_NAME)";
				TARGETED_DEVICE_FAMILY = "1,2";
			};
			name = Release;
		};
/* End XCBuildConfiguration section */

/* Begin XCConfigurationList section */
		041EB56C20D10D090027E8F7 /* Build configuration list for PBXProject "Sample" */ = {
			isa = XCConfigurationList;
			buildConfigurations = (
				041EB58520D10D0B0027E8F7 /* Debug */,
				041EB58620D10D0B0027E8F7 /* Release */,
			);
			defaultConfigurationIsVisible = 0;
			defaultConfigurationName = Release;
		};
		041EB58720D10D0B0027E8F7 /* Build configuration list for PBXNativeTarget "Sample" */ = {
			isa = XCConfigurationList;
			buildConfigurations = (
				041EB58820D10D0B0027E8F7 /* Debug */,
				041EB58920D10D0B0027E8F7 /* Release */,
			);
			defaultConfigurationIsVisible = 0;
			defaultConfigurationName = Release;
		};
/* End XCConfigurationList section */
	};
	rootObject = 041EB56920D10D090027E8F7 /* Project object */;
}
